
Microsoft Visual Studio Solution File, Format Version 12.00
# Visual Studio Version 17
VisualStudioVersion = 17.3.32519.111
MinimumVisualStudioVersion = 10.0.40219.1
Project("{9A19103F-16F7-4668-BE54-9A1E7A4F7556}") = "Pure.Blazor.Components", "Pure.Blazor.Components\Pure.Blazor.Components.csproj", "{4E61B1A7-F513-4AC6-B03F-A97B3B7D2C8C}"
EndProject
Project("{FAE04EC0-301F-11D3-BF4B-00C04F79EFBC}") = "UnitTests", "..\tests\UnitTests\UnitTests.csproj", "{53F63402-633D-4F36-A9E2-1EE96865FA93}"
EndProject
Project("{FAE04EC0-301F-11D3-BF4B-00C04F79EFBC}") = "Pure.Blazor.Components.AspNetCore", "Pure.Blazor.Components.AspNetCore\Pure.Blazor.Components.AspNetCore.csproj", "{7C1E46DA-B78B-4A34-9BCE-3F46A761057E}"
EndProject
Project("{FAE04EC0-301F-11D3-BF4B-00C04F79EFBC}") = "Pure.Blazor.Components.Icons", "Pure.Blazor.Components.Icons\Pure.Blazor.Components.Icons.csproj", "{C5A7A57E-740D-4A76-8791-A459D578E161}"
EndProject
Project("{FAE04EC0-301F-11D3-BF4B-00C04F79EFBC}") = "Pure.Blazor.Components.Primitives", "Pure.Blazor.Components.Primitives\Pure.Blazor.Components.Primitives.csproj", "{1BAEB487-2B41-4899-B37C-A3404FB57040}"
EndProject
Project("{FAE04EC0-301F-11D3-BF4B-00C04F79EFBC}") = "PureBlazor.com", "..\website\PureBlazor.com\PureBlazor.com\PureBlazor.com.csproj", "{5E4774D8-449C-4E78-8D55-2BC3B2B33F83}"
EndProject
Project("{FAE04EC0-301F-11D3-BF4B-00C04F79EFBC}") = "PureBlazor.com.Client", "..\website\PureBlazor.com\PureBlazor.com.Client\PureBlazor.com.Client.csproj", "{B3104461-D457-4D51-9F45-C64AE673012F}"
EndProject
Global
	GlobalSection(SolutionConfigurationPlatforms) = preSolution
		Debug|Any CPU = Debug|Any CPU
		Release|Any CPU = Release|Any CPU
	EndGlobalSection
	GlobalSection(ProjectConfigurationPlatforms) = postSolution
		{4E61B1A7-F513-4AC6-B03F-A97B3B7D2C8C}.Debug|Any CPU.ActiveCfg = Debug|Any CPU
		{4E61B1A7-F513-4AC6-B03F-A97B3B7D2C8C}.Debug|Any CPU.Build.0 = Debug|Any CPU
		{4E61B1A7-F513-4AC6-B03F-A97B3B7D2C8C}.Release|Any CPU.ActiveCfg = Release|Any CPU
		{4E61B1A7-F513-4AC6-B03F-A97B3B7D2C8C}.Release|Any CPU.Build.0 = Release|Any CPU
		{53F63402-633D-4F36-A9E2-1EE96865FA93}.Debug|Any CPU.ActiveCfg = Debug|Any CPU
		{53F63402-633D-4F36-A9E2-1EE96865FA93}.Debug|Any CPU.Build.0 = Debug|Any CPU
		{53F63402-633D-4F36-A9E2-1EE96865FA93}.Release|Any CPU.ActiveCfg = Release|Any CPU
		{53F63402-633D-4F36-A9E2-1EE96865FA93}.Release|Any CPU.Build.0 = Release|Any CPU
		{7C1E46DA-B78B-4A34-9BCE-3F46A761057E}.Debug|Any CPU.ActiveCfg = Debug|Any CPU
		{7C1E46DA-B78B-4A34-9BCE-3F46A761057E}.Debug|Any CPU.Build.0 = Debug|Any CPU
		{7C1E46DA-B78B-4A34-9BCE-3F46A761057E}.Release|Any CPU.ActiveCfg = Release|Any CPU
		{7C1E46DA-B78B-4A34-9BCE-3F46A761057E}.Release|Any CPU.Build.0 = Release|Any CPU
		{C5A7A57E-740D-4A76-8791-A459D578E161}.Debug|Any CPU.ActiveCfg = Debug|Any CPU
		{C5A7A57E-740D-4A76-8791-A459D578E161}.Debug|Any CPU.Build.0 = Debug|Any CPU
		{C5A7A57E-740D-4A76-8791-A459D578E161}.Release|Any CPU.ActiveCfg = Release|Any CPU
		{C5A7A57E-740D-4A76-8791-A459D578E161}.Release|Any CPU.Build.0 = Release|Any CPU
		{1BAEB487-2B41-4899-B37C-A3404FB57040}.Debug|Any CPU.ActiveCfg = Debug|Any CPU
		{1BAEB487-2B41-4899-B37C-A3404FB57040}.Debug|Any CPU.Build.0 = Debug|Any CPU
		{1BAEB487-2B41-4899-B37C-A3404FB57040}.Release|Any CPU.ActiveCfg = Release|Any CPU
		{1BAEB487-2B41-4899-B37C-A3404FB57040}.Release|Any CPU.Build.0 = Release|Any CPU
		{5E4774D8-449C-4E78-8D55-2BC3B2B33F83}.Debug|Any CPU.ActiveCfg = Debug|Any CPU
		{5E4774D8-449C-4E78-8D55-2BC3B2B33F83}.Debug|Any CPU.Build.0 = Debug|Any CPU
		{5E4774D8-449C-4E78-8D55-2BC3B2B33F83}.Release|Any CPU.ActiveCfg = Release|Any CPU
		{5E4774D8-449C-4E78-8D55-2BC3B2B33F83}.Release|Any CPU.Build.0 = Release|Any CPU
		{B3104461-D457-4D51-9F45-C64AE673012F}.Debug|Any CPU.ActiveCfg = Debug|Any CPU
		{B3104461-D457-4D51-9F45-C64AE673012F}.Debug|Any CPU.Build.0 = Debug|Any CPU
		{B3104461-D457-4D51-9F45-C64AE673012F}.Release|Any CPU.ActiveCfg = Release|Any CPU
		{B3104461-D457-4D51-9F45-C64AE673012F}.Release|Any CPU.Build.0 = Release|Any CPU
	EndGlobalSection
	GlobalSection(SolutionProperties) = preSolution
		HideSolutionNode = FALSE
	EndGlobalSection
	GlobalSection(ExtensibilityGlobals) = postSolution
		SolutionGuid = {D09A2516-0D0A-41A7-A0AF-7653CFA9764F}
	EndGlobalSection
EndGlobal
