
Microsoft Visual Studio Solution File, Format Version 12.00
# Visual Studio Version 17
VisualStudioVersion = 17.3.32519.111
MinimumVisualStudioVersion = 10.0.40219.1
Project("{9A19103F-16F7-4668-BE54-9A1E7A4F7556}") = "Pure.Blazor.Components", "Pure.Blazor.Components\Pure.Blazor.Components.csproj", "{4E61B1A7-F513-4AC6-B03F-A97B3B7D2C8C}"
EndProject
Project("{2150E333-8FDC-42A3-9474-1A3956D46DE8}") = "Build", "Build", "{7338F0B5-051B-4DD2-A5B5-109F922A0A62}"
	ProjectSection(SolutionItems) = preProject
		global.json = global.json
		styles.css = styles.css
		..\build.sh = ..\build.sh
		..\CODE_OF_CONDUCT.md = ..\CODE_OF_CONDUCT.md
		..\CONTRIBUTING.md = ..\CONTRIBUTING.md
		..\README.md = ..\README.md
		..\push-local.sh = ..\push-local.sh
		..\package.json = ..\package.json
		..\NuGet.config = ..\NuGet.config
		..\LICENSE = ..\LICENSE
	EndProjectSection
EndProject
Global
	GlobalSection(SolutionConfigurationPlatforms) = preSolution
		Debug|Any CPU = Debug|Any CPU
		Release|Any CPU = Release|Any CPU
	EndGlobalSection
	GlobalSection(ProjectConfigurationPlatforms) = postSolution
		{4E61B1A7-F513-4AC6-B03F-A97B3B7D2C8C}.Debug|Any CPU.ActiveCfg = Debug|Any CPU
		{4E61B1A7-F513-4AC6-B03F-A97B3B7D2C8C}.Debug|Any CPU.Build.0 = Debug|Any CPU
		{4E61B1A7-F513-4AC6-B03F-A97B3B7D2C8C}.Release|Any CPU.ActiveCfg = Release|Any CPU
		{4E61B1A7-F513-4AC6-B03F-A97B3B7D2C8C}.Release|Any CPU.Build.0 = Release|Any CPU
	EndGlobalSection
	GlobalSection(SolutionProperties) = preSolution
		HideSolutionNode = FALSE
	EndGlobalSection
	GlobalSection(ExtensibilityGlobals) = postSolution
		SolutionGuid = {D09A2516-0D0A-41A7-A0AF-7653CFA9764F}
	EndGlobalSection
EndGlobal
